
Microsoft Visual Studio Solution File, Format Version 12.00
# Visual Studio Version 17
VisualStudioVersion = 17.13.35931.197
MinimumVisualStudioVersion = 10.0.40219.1
Project("{FAE04EC0-301F-11D3-BF4B-00C04F79EFBC}") = "PomoSharp", "PomoSharp\PomoSharp.csproj", "{16AE6720-D593-4B4C-A5D5-61F9E5026C34}"
EndProject
Project("{FAE04EC0-301F-11D3-BF4B-00C04F79EFBC}") = "PomoSharp.Tests", "PomoSharp.Tests\PomoSharp.Tests.csproj", "{86A724C9-1099-4D7F-9556-F5EEA798006F}"
EndProject
Global
	GlobalSection(SolutionConfigurationPlatforms) = preSolution
		Debug|Any CPU = Debug|Any CPU
		Release|Any CPU = Release|Any CPU
	EndGlobalSection
	GlobalSection(ProjectConfigurationPlatforms) = postSolution
		{16AE6720-D593-4B4C-A5D5-61F9E5026C34}.Debug|Any CPU.ActiveCfg = Debug|Any CPU
		{16AE6720-D593-4B4C-A5D5-61F9E5026C34}.Debug|Any CPU.Build.0 = Debug|Any CPU
		{16AE6720-D593-4B4C-A5D5-61F9E5026C34}.Release|Any CPU.ActiveCfg = Release|Any CPU
		{16AE6720-D593-4B4C-A5D5-61F9E5026C34}.Release|Any CPU.Build.0 = Release|Any CPU
		{86A724C9-1099-4D7F-9556-F5EEA798006F}.Debug|Any CPU.ActiveCfg = Debug|Any CPU
		{86A724C9-1099-4D7F-9556-F5EEA798006F}.Debug|Any CPU.Build.0 = Debug|Any CPU
		{86A724C9-1099-4D7F-9556-F5EEA798006F}.Release|Any CPU.ActiveCfg = Release|Any CPU
		{86A724C9-1099-4D7F-9556-F5EEA798006F}.Release|Any CPU.Build.0 = Release|Any CPU
	EndGlobalSection
	GlobalSection(SolutionProperties) = preSolution
		HideSolutionNode = FALSE
	EndGlobalSection
	GlobalSection(ExtensibilityGlobals) = postSolution
		SolutionGuid = {332B67DD-9C2B-49C4-85AB-31753C7E8B7A}
	EndGlobalSection
EndGlobal
